
Microsoft Visual Studio Solution File, Format Version 12.00
# Visual Studio 2013
VisualStudioVersion = 12.0.21005.1
MinimumVisualStudioVersion = 10.0.40219.1
Project("{8BC9CEB8-8B4A-11D0-8D11-00A0C91BC942}") = "丑数", "丑数\丑数.vcxproj", "{88AB289B-781F-4BBE-8940-EB01170FC269}"
EndProject
Global
	GlobalSection(SolutionConfigurationPlatforms) = preSolution
		Debug|Win32 = Debug|Win32
		Release|Win32 = Release|Win32
	EndGlobalSection
	GlobalSection(ProjectConfigurationPlatforms) = postSolution
		{88AB289B-781F-4BBE-8940-EB01170FC269}.Debug|Win32.ActiveCfg = Debug|Win32
		{88AB289B-781F-4BBE-8940-EB01170FC269}.Debug|Win32.Build.0 = Debug|Win32
		{88AB289B-781F-4BBE-8940-EB01170FC269}.Release|Win32.ActiveCfg = Release|Win32
		{88AB289B-781F-4BBE-8940-EB01170FC269}.Release|Win32.Build.0 = Release|Win32
	EndGlobalSection
	GlobalSection(SolutionProperties) = preSolution
		HideSolutionNode = FALSE
	EndGlobalSection
EndGlobal
