
Microsoft Visual Studio Solution File, Format Version 12.00
# Visual Studio 2013
VisualStudioVersion = 12.0.21005.1
MinimumVisualStudioVersion = 10.0.40219.1
Project("{8BC9CEB8-8B4A-11D0-8D11-00A0C91BC942}") = "字符串变成回文串的最小长度", "字符串变成回文串的最小长度\字符串变成回文串的最小长度.vcxproj", "{C2EBEC53-D510-4409-BBA1-6224121EAD93}"
EndProject
Global
	GlobalSection(SolutionConfigurationPlatforms) = preSolution
		Debug|Win32 = Debug|Win32
		Release|Win32 = Release|Win32
	EndGlobalSection
	GlobalSection(ProjectConfigurationPlatforms) = postSolution
		{C2EBEC53-D510-4409-BBA1-6224121EAD93}.Debug|Win32.ActiveCfg = Debug|Win32
		{C2EBEC53-D510-4409-BBA1-6224121EAD93}.Debug|Win32.Build.0 = Debug|Win32
		{C2EBEC53-D510-4409-BBA1-6224121EAD93}.Release|Win32.ActiveCfg = Release|Win32
		{C2EBEC53-D510-4409-BBA1-6224121EAD93}.Release|Win32.Build.0 = Release|Win32
	EndGlobalSection
	GlobalSection(SolutionProperties) = preSolution
		HideSolutionNode = FALSE
	EndGlobalSection
EndGlobal
